
Microsoft Visual Studio Solution File, Format Version 12.00
# Visual Studio Version 16
VisualStudioVersion = 16.0.31829.152
MinimumVisualStudioVersion = 10.0.40219.1
Project("{FAE04EC0-301F-11D3-BF4B-00C04F79EFBC}") = "ReservProgram", "ReservProgram.csproj", "{0A7E5248-B48C-4639-936A-F608481A560E}"
EndProject
Global
	GlobalSection(SolutionConfigurationPlatforms) = preSolution
		Debug|Any CPU = Debug|Any CPU
		Release|Any CPU = Release|Any CPU
	EndGlobalSection
	GlobalSection(ProjectConfigurationPlatforms) = postSolution
		{0A7E5248-B48C-4639-936A-F608481A560E}.Debug|Any CPU.ActiveCfg = Debug|Any CPU
		{0A7E5248-B48C-4639-936A-F608481A560E}.Debug|Any CPU.Build.0 = Debug|Any CPU
		{0A7E5248-B48C-4639-936A-F608481A560E}.Release|Any CPU.ActiveCfg = Release|Any CPU
		{0A7E5248-B48C-4639-936A-F608481A560E}.Release|Any CPU.Build.0 = Release|Any CPU
	EndGlobalSection
	GlobalSection(SolutionProperties) = preSolution
		HideSolutionNode = FALSE
	EndGlobalSection
	GlobalSection(ExtensibilityGlobals) = postSolution
		SolutionGuid = {BA113397-102A-4A37-85D6-E361D727F44B}
	EndGlobalSection
EndGlobal
